
Microsoft Visual Studio Solution File, Format Version 12.00
# Visual Studio Version 16
VisualStudioVersion = 16.0.30104.148
MinimumVisualStudioVersion = 15.0.26124.0
Project("{9A19103F-16F7-4668-BE54-9A1E7A4F7556}") = "DiscardServer", "Discard\Server\DiscardServer.csproj", "{19AD015A-F680-46FD-BDC8-BD6EE52B1BE2}"
EndProject
Project("{FAE04EC0-301F-11D3-BF4B-00C04F79EFBC}") = "Discard.Client", "Discard\Discard.Client\Discard.Client.csproj", "{D55BD9ED-627E-4BC0-83D3-8DE9C0DB5EDF}"
EndProject
Global
	GlobalSection(SolutionConfigurationPlatforms) = preSolution
		Debug|Any CPU = Debug|Any CPU
		Release|Any CPU = Release|Any CPU
	EndGlobalSection
	GlobalSection(ProjectConfigurationPlatforms) = postSolution
		{19AD015A-F680-46FD-BDC8-BD6EE52B1BE2}.Debug|Any CPU.ActiveCfg = Debug|Any CPU
		{19AD015A-F680-46FD-BDC8-BD6EE52B1BE2}.Debug|Any CPU.Build.0 = Debug|Any CPU
		{19AD015A-F680-46FD-BDC8-BD6EE52B1BE2}.Release|Any CPU.ActiveCfg = Release|Any CPU
		{19AD015A-F680-46FD-BDC8-BD6EE52B1BE2}.Release|Any CPU.Build.0 = Release|Any CPU
		{D55BD9ED-627E-4BC0-83D3-8DE9C0DB5EDF}.Debug|Any CPU.ActiveCfg = Debug|Any CPU
		{D55BD9ED-627E-4BC0-83D3-8DE9C0DB5EDF}.Debug|Any CPU.Build.0 = Debug|Any CPU
		{D55BD9ED-627E-4BC0-83D3-8DE9C0DB5EDF}.Release|Any CPU.ActiveCfg = Release|Any CPU
		{D55BD9ED-627E-4BC0-83D3-8DE9C0DB5EDF}.Release|Any CPU.Build.0 = Release|Any CPU
	EndGlobalSection
	GlobalSection(SolutionProperties) = preSolution
		HideSolutionNode = FALSE
	EndGlobalSection
	GlobalSection(ExtensibilityGlobals) = postSolution
		SolutionGuid = {F108A2B4-ECD2-4725-A1C5-006A2E44422F}
	EndGlobalSection
EndGlobal
